
Microsoft Visual Studio Solution File, Format Version 12.00
# Visual Studio Version 17
VisualStudioVersion = 17.9.34728.123
MinimumVisualStudioVersion = 10.0.40219.1
Project("{FAE04EC0-301F-11D3-BF4B-00C04F79EFBC}") = "OCR_demo", "OCR_demo\OCR_demo.csproj", "{5A00B2E0-6837-4D5F-849B-B82C948B1DA8}"
EndProject
Global
	GlobalSection(SolutionConfigurationPlatforms) = preSolution
		Debug|Any CPU = Debug|Any CPU
		Release|Any CPU = Release|Any CPU
	EndGlobalSection
	GlobalSection(ProjectConfigurationPlatforms) = postSolution
		{5A00B2E0-6837-4D5F-849B-B82C948B1DA8}.Debug|Any CPU.ActiveCfg = Debug|Any CPU
		{5A00B2E0-6837-4D5F-849B-B82C948B1DA8}.Debug|Any CPU.Build.0 = Debug|Any CPU
		{5A00B2E0-6837-4D5F-849B-B82C948B1DA8}.Release|Any CPU.ActiveCfg = Release|Any CPU
		{5A00B2E0-6837-4D5F-849B-B82C948B1DA8}.Release|Any CPU.Build.0 = Release|Any CPU
	EndGlobalSection
	GlobalSection(SolutionProperties) = preSolution
		HideSolutionNode = FALSE
	EndGlobalSection
	GlobalSection(ExtensibilityGlobals) = postSolution
		SolutionGuid = {5BA7496F-DF50-4B28-8A8F-2C7BB1B4171E}
	EndGlobalSection
EndGlobal
